<?xml version="1.0" encoding="utf-8"?>
<Project ToolsVersion="4.0" xmlns="http://schemas.microsoft.com/developer/msbuild/2003">
  <ItemGroup>
    <FxCompile Include="DisplayIntegerScalePS.hlsl">
      <Filter>shaders</Filter>
    </FxCompile>
    <FxCompile Include="DisplayVS.hlsl">
      <Filter>shaders</Filter>
    </FxCompile>
    <FxCompile Include="GamePS.hlsl">
      <Filter>shaders</Filter>
    </FxCompile>
    <FxCompile Include="GameVS.hlsl">
      <Filter>shaders</Filter>
    </FxCompile>
    <FxCompile Include="VideoPS.hlsl">
      <Filter>shaders</Filter>
    </FxCompile>
    <FxCompile Include="DisplayNonintegerScalePS.hlsl">
      <Filter>shaders</Filter>
    </FxCompile>
    <FxCompile Include="GammaPS.hlsl">
      <Filter>shaders</Filter>
    </FxCompile>
    <FxCompile Include="ResolveAA.hlsl">
      <Filter>shaders</Filter>
    </FxCompile>
    <FxCompile Include="DisplayBilinearScalePS.hlsl">
      <Filter>shaders</Filter>
    </FxCompile>
    <FxCompile Include="DisplayCatmullRomScalePS.hlsl">
      <Filter>shaders</Filter>
    </FxCompile>
  </ItemGroup>
  <ItemGroup>
    <ClCompile Include="TextureCache.cpp" />
    <ClCompile Include="dllmain.cpp" />
    <ClCompile Include="RenderContext.cpp" />
    <ClCompile Include="GameHelper.cpp" />
    <ClCompile Include="SimdSse2.cpp" />
    <ClCompile Include="Glide3x.cpp" />
    <ClCompile Include="pch.cpp" />
    <ClCompile Include="D2DXContext.cpp" />
    <ClCompile Include="TextureCachePolicyBitPmru.cpp" />
    <ClCompile Include="Utils.cpp" />
    <ClCompile Include="..\..\thirdparty\fnv\hash_32a.c">
      <Filter>thirdparty\fnv</Filter>
    </ClCompile>
    <ClCompile Include="D2DXConfigurator.cpp" />
    <ClCompile Include="Detours.cpp" />
    <ClCompile Include="BuiltinResMod.cpp" />
    <ClCompile Include="Metrics.cpp" />
    <ClCompile Include="D2DXContextFactory.cpp" />
    <ClCompile Include="RenderContextResources.cpp" />
    <ClCompile Include="CompatibilityModeDisabler.cpp" />
    <ClCompile Include="SurfaceIdTracker.cpp" />
    <ClCompile Include="MotionPredictor.cpp" />
    <ClCompile Include="Options.cpp" />
    <ClCompile Include="..\..\thirdparty\toml\toml.c">
      <Filter>thirdparty\toml</Filter>
    </ClCompile>
    <ClCompile Include="WeatherMotionPredictor.cpp" />
    <ClCompile Include="TextureHasher.cpp" />
    <ClCompile Include="D2Types.cpp" />
  </ItemGroup>
  <ItemGroup>
    <ClInclude Include="Buffer.h" />
    <ClInclude Include="TextureCache.h" />
    <ClInclude Include="RenderContext.h" />
    <ClInclude Include="Batch.h" />
    <ClInclude Include="GameHelper.h" />
    <ClInclude Include="resource.h" />
    <ClInclude Include="ISimd.h" />
    <ClInclude Include="SimdSse2.h" />
    <ClInclude Include="TextureCachePolicyBitPmru.h" />
    <ClInclude Include="Types.h" />
    <ClInclude Include="Vertex.h" />
    <ClInclude Include="pch.h" />
    <ClInclude Include="D2DXContext.h" />
    <ClInclude Include="Utils.h" />
    <ClInclude Include="..\..\thirdparty\glide3\3DFX.H">
      <Filter>thirdparty\glide3</Filter>
    </ClInclude>
    <ClInclude Include="..\..\thirdparty\glide3\FXDLL.H">
      <Filter>thirdparty\glide3</Filter>
    </ClInclude>
    <ClInclude Include="..\..\thirdparty\glide3\FXGLOB.H">
      <Filter>thirdparty\glide3</Filter>
    </ClInclude>
    <ClInclude Include="..\..\thirdparty\glide3\FXOS.H">
      <Filter>thirdparty\glide3</Filter>
    </ClInclude>
    <ClInclude Include="..\..\thirdparty\glide3\glide.h">
      <Filter>thirdparty\glide3</Filter>
    </ClInclude>
    <ClInclude Include="..\..\thirdparty\glide3\glidesys.h">
      <Filter>thirdparty\glide3</Filter>
    </ClInclude>
    <ClInclude Include="..\..\thirdparty\glide3\glideutl.h">
      <Filter>thirdparty\glide3</Filter>
    </ClInclude>
    <ClInclude Include="..\..\thirdparty\glide3\sst1init.h">
      <Filter>thirdparty\glide3</Filter>
    </ClInclude>
    <ClInclude Include="..\..\thirdparty\glide3\SST1VID.H">
      <Filter>thirdparty\glide3</Filter>
    </ClInclude>
    <ClInclude Include="..\..\thirdparty\fnv\fnv.h">
      <Filter>thirdparty\fnv</Filter>
    </ClInclude>
    <ClInclude Include="..\..\thirdparty\detours\detours.h">
      <Filter>thirdparty\detours</Filter>
    </ClInclude>
    <ClInclude Include="..\..\thirdparty\detours\detver.h">
      <Filter>thirdparty\detours</Filter>
    </ClInclude>
    <ClInclude Include="..\..\thirdparty\detours\syelog.h">
      <Filter>thirdparty\detours</Filter>
    </ClInclude>
    <ClInclude Include="Detours.h" />
    <ClInclude Include="dx256_bmp.h" />
    <ClInclude Include="D2DXConfigurator.h" />
    <ClInclude Include="BuiltinResMod.h" />
    <ClInclude Include="Metrics.h" />
    <ClInclude Include="ITextureCache.h" />
    <ClInclude Include="IRenderContext.h" />
    <ClInclude Include="IGameHelper.h" />
    <ClInclude Include="ID2DXContext.h" />
    <ClInclude Include="IGlide3x.h" />
    <ClInclude Include="D2DXContextFactory.h" />
    <ClInclude Include="IBuiltinResMod.h" />
    <ClInclude Include="IWin32InterceptionHandler.h" />
    <ClInclude Include="RenderContextResources.h" />
    <ClInclude Include="CompatibilityModeDisabler.h" />
    <ClInclude Include="..\..\thirdparty\stb_image\stb_image_write.h">
      <Filter>thirdparty\stb_image</Filter>
    </ClInclude>
    <ClInclude Include="SurfaceIdTracker.h" />
    <ClInclude Include="ID2InterceptionHandler.h" />
    <ClInclude Include="D2Types.h" />
    <ClInclude Include="MotionPredictor.h" />
    <ClInclude Include="Options.h" />
    <ClInclude Include="..\..\thirdparty\toml\toml.h">
      <Filter>thirdparty\toml</Filter>
    </ClInclude>
    <ClInclude Include="WeatherMotionPredictor.h" />
    <ClInclude Include="TextureHasher.h" />
    <ClInclude Include="..\..\thirdparty\pocketlzma\pocketlzma.hpp">
      <Filter>thirdparty\pocketlzma</Filter>
    </ClInclude>
    <ClInclude Include="ErrorHandling.h" />
  </ItemGroup>
  <ItemGroup>
    <ResourceCompile Include="d2dx.rc" />
  </ItemGroup>
  <ItemGroup>
    <Filter Include="thirdparty">
      <UniqueIdentifier>{e20ee881-3fee-44a0-a9bb-5a1470f78f87}</UniqueIdentifier>
    </Filter>
    <Filter Include="thirdparty\glide3">
      <UniqueIdentifier>{0a7e3803-d4b3-4b24-91b0-cf20ed4e0a2c}</UniqueIdentifier>
    </Filter>
    <Filter Include="shaders">
      <UniqueIdentifier>{ea41e1d5-aaf5-453a-893d-fba10779dbf8}</UniqueIdentifier>
    </Filter>
    <Filter Include="thirdparty\fnv">
      <UniqueIdentifier>{4d5ef0d8-cbd3-4202-95c7-7c0fea1882af}</UniqueIdentifier>
    </Filter>
    <Filter Include="thirdparty\detours">
      <UniqueIdentifier>{8240f153-200d-47ad-b776-7f45ed2a1d3b}</UniqueIdentifier>
    </Filter>
    <Filter Include="thirdparty\stb_image">
      <UniqueIdentifier>{99af7b84-eaea-4a5a-aa0e-b4ec344078ad}</UniqueIdentifier>
    </Filter>
    <Filter Include="thirdparty\toml">
      <UniqueIdentifier>{aca34c8e-6ba9-4e96-943a-d9172330fd27}</UniqueIdentifier>
    </Filter>
    <Filter Include="thirdparty\SGD2FreeRes">
      <UniqueIdentifier>{58015682-6898-45e8-8ec5-6e3fbfdad713}</UniqueIdentifier>
    </Filter>
    <Filter Include="thirdparty\pocketlzma">
      <UniqueIdentifier>{23de30e8-2931-41c8-9f15-02f244de52be}</UniqueIdentifier>
    </Filter>
  </ItemGroup>
  <ItemGroup>
    <None Include="Constants.hlsli">
      <Filter>shaders</Filter>
    </None>
    <None Include="FXAA.hlsli">
      <Filter>shaders</Filter>
    </None>
    <None Include="Game.hlsli">
      <Filter>shaders</Filter>
    </None>
    <None Include="Display.hlsli">
      <Filter>shaders</Filter>
    </None>
    <None Include="..\..\thirdparty\sgd2freeres\SGD2FreeRes.dll">
      <Filter>thirdparty\SGD2FreeRes</Filter>
    </None>
    <None Include="..\..\thirdparty\sgd2freeres\SGD2FreeRes.mpq">
      <Filter>thirdparty\SGD2FreeRes</Filter>
    </None>
    <None Include="..\..\thirdparty\sgd2freeres\SGD2FreeResolution.json">
      <Filter>thirdparty\SGD2FreeRes</Filter>
    </None>
  </ItemGroup>
  <ItemGroup>
    <Text Include="ResolveAA_dxbc.txt">
      <Filter>shaders</Filter>
    </Text>
    <Text Include="GamePS_dxbc.txt">
      <Filter>shaders</Filter>
    </Text>
    <Text Include="GammaPS_dxbc.txt">
      <Filter>shaders</Filter>
    </Text>
    <Text Include="DisplayIntegerScalePS_dxbc.txt">
      <Filter>shaders</Filter>
    </Text>
    <Text Include="DisplayNonintegerScalePS_dxbc.txt">
      <Filter>shaders</Filter>
    </Text>
    <Text Include="GameVS_dxbc.txt">
      <Filter>shaders</Filter>
    </Text>
    <Text Include="VideoPS_dxbc.txt">
      <Filter>shaders</Filter>
    </Text>
    <Text Include="DisplayVS_dxbc.txt">
      <Filter>shaders</Filter>
    </Text>
    <Text Include="DisplayBilinearScalePS_dxbc.txt">
      <Filter>shaders</Filter>
    </Text>
    <Text Include="DisplayCatmullRomScalePS_dxbc.txt">
      <Filter>shaders</Filter>
    </Text>
  </ItemGroup>
</Project>