<?xml version="1.0" encoding="utf-8"?>
<Project ToolsVersion="4.0" xmlns="http://schemas.microsoft.com/developer/msbuild/2003">
  <ItemGroup>
    <FxCompile Include="DisplayIntegerScalePS.hlsl">
      <Filter>shaders</Filter>
    </FxCompile>
    <FxCompile Include="DisplayVS.hlsl">
      <Filter>shaders</Filter>
    </FxCompile>
    <FxCompile Include="GamePS.hlsl">
      <Filter>shaders</Filter>
    </FxCompile>
    <FxCompile Include="GameVS.hlsl">
      <Filter>shaders</Filter>
    </FxCompile>
    <FxCompile Include="VideoPS.hlsl">
      <Filter>shaders</Filter>
    </FxCompile>
    <FxCompile Include="DisplayNonintegerScalePS.hlsl">
      <Filter>shaders</Filter>
    </FxCompile>
  </ItemGroup>
  <ItemGroup>
    <ClCompile Include="TextureCache.cpp" />
    <ClCompile Include="dllmain.cpp" />
    <ClCompile Include="RenderContext.cpp" />
    <ClCompile Include="GameHelper.cpp" />
    <ClCompile Include="SimdSse2.cpp" />
    <ClCompile Include="Glide3x.cpp" />
    <ClCompile Include="pch.cpp" />
    <ClCompile Include="D2DXContext.cpp" />
    <ClCompile Include="TextureCachePolicyBitPmru.cpp" />
    <ClCompile Include="Utils.cpp" />
    <ClCompile Include="..\..\thirdparty\fnv\hash_32a.c">
      <Filter>thirdparty\fnv</Filter>
    </ClCompile>
    <ClCompile Include="D2DXConfigurator.cpp" />
    <ClCompile Include="Detours.cpp" />
    <ClCompile Include="..\..\thirdparty\SlashDiablo-HD\src\D2Config.cpp">
      <Filter>thirdparty\SlashDiablo-HD</Filter>
    </ClCompile>
    <ClCompile Include="..\..\thirdparty\SlashDiablo-HD\src\D2Offset.cpp">
      <Filter>thirdparty\SlashDiablo-HD</Filter>
    </ClCompile>
    <ClCompile Include="..\..\thirdparty\SlashDiablo-HD\src\D2Stubs.cpp">
      <Filter>thirdparty\SlashDiablo-HD</Filter>
    </ClCompile>
    <ClCompile Include="..\..\thirdparty\SlashDiablo-HD\src\D2Version.cpp">
      <Filter>thirdparty\SlashDiablo-HD</Filter>
    </ClCompile>
    <ClCompile Include="..\..\thirdparty\SlashDiablo-HD\src\D2HD\D2HDCellContext.cpp">
      <Filter>thirdparty\SlashDiablo-HD\D2HD</Filter>
    </ClCompile>
    <ClCompile Include="..\..\thirdparty\SlashDiablo-HD\src\D2HD\D2HDColor.cpp">
      <Filter>thirdparty\SlashDiablo-HD\D2HD</Filter>
    </ClCompile>
    <ClCompile Include="..\..\thirdparty\SlashDiablo-HD\src\D2HD\D2HDConfig.cpp">
      <Filter>thirdparty\SlashDiablo-HD\D2HD</Filter>
    </ClCompile>
    <ClCompile Include="..\..\thirdparty\SlashDiablo-HD\src\D2HD\D2HDDraw.cpp">
      <Filter>thirdparty\SlashDiablo-HD\D2HD</Filter>
    </ClCompile>
    <ClCompile Include="..\..\thirdparty\SlashDiablo-HD\src\D2HD\D2HDInventory.cpp">
      <Filter>thirdparty\SlashDiablo-HD\D2HD</Filter>
    </ClCompile>
    <ClCompile Include="..\..\thirdparty\SlashDiablo-HD\src\D2HD\D2HDPatches.cpp">
      <Filter>thirdparty\SlashDiablo-HD\D2HD</Filter>
    </ClCompile>
    <ClCompile Include="..\..\thirdparty\SlashDiablo-HD\src\D2HD\D2HDResolution.cpp">
      <Filter>thirdparty\SlashDiablo-HD\D2HD</Filter>
    </ClCompile>
    <ClCompile Include="..\..\thirdparty\SlashDiablo-HD\src\D2Patch\D2AnyPatch.cpp">
      <Filter>thirdparty\SlashDiablo-HD\D2Patch</Filter>
    </ClCompile>
    <ClCompile Include="..\..\thirdparty\SlashDiablo-HD\src\D2Patch\D2BasePatch.cpp">
      <Filter>thirdparty\SlashDiablo-HD\D2Patch</Filter>
    </ClCompile>
    <ClCompile Include="..\..\thirdparty\SlashDiablo-HD\src\D2Patch\D2InterceptorPatch.cpp">
      <Filter>thirdparty\SlashDiablo-HD\D2Patch</Filter>
    </ClCompile>
    <ClCompile Include="..\..\thirdparty\SlashDiablo-HD\src\SDHD.cpp">
      <Filter>thirdparty\SlashDiablo-HD</Filter>
    </ClCompile>
    <ClCompile Include="BuiltinResMod.cpp" />
    <ClCompile Include="Metrics.cpp" />
    <ClCompile Include="D2DXContextFactory.cpp" />
  </ItemGroup>
  <ItemGroup>
    <ClInclude Include="Buffer.h" />
    <ClInclude Include="TextureCache.h" />
    <ClInclude Include="RenderContext.h" />
    <ClInclude Include="Batch.h" />
    <ClInclude Include="GameHelper.h" />
    <ClInclude Include="resource.h" />
    <ClInclude Include="ISimd.h" />
    <ClInclude Include="SimdSse2.h" />
    <ClInclude Include="TextureCachePolicyBitPmru.h" />
    <ClInclude Include="Types.h" />
    <ClInclude Include="Vertex.h" />
    <ClInclude Include="pch.h" />
    <ClInclude Include="D2DXContext.h" />
    <ClInclude Include="Utils.h" />
    <ClInclude Include="..\..\thirdparty\glide3\3DFX.H">
      <Filter>thirdparty\glide3</Filter>
    </ClInclude>
    <ClInclude Include="..\..\thirdparty\glide3\FXDLL.H">
      <Filter>thirdparty\glide3</Filter>
    </ClInclude>
    <ClInclude Include="..\..\thirdparty\glide3\FXGLOB.H">
      <Filter>thirdparty\glide3</Filter>
    </ClInclude>
    <ClInclude Include="..\..\thirdparty\glide3\FXOS.H">
      <Filter>thirdparty\glide3</Filter>
    </ClInclude>
    <ClInclude Include="..\..\thirdparty\glide3\glide.h">
      <Filter>thirdparty\glide3</Filter>
    </ClInclude>
    <ClInclude Include="..\..\thirdparty\glide3\glidesys.h">
      <Filter>thirdparty\glide3</Filter>
    </ClInclude>
    <ClInclude Include="..\..\thirdparty\glide3\glideutl.h">
      <Filter>thirdparty\glide3</Filter>
    </ClInclude>
    <ClInclude Include="..\..\thirdparty\glide3\sst1init.h">
      <Filter>thirdparty\glide3</Filter>
    </ClInclude>
    <ClInclude Include="..\..\thirdparty\glide3\SST1VID.H">
      <Filter>thirdparty\glide3</Filter>
    </ClInclude>
    <ClInclude Include="..\..\thirdparty\fnv\fnv.h">
      <Filter>thirdparty\fnv</Filter>
    </ClInclude>
    <ClInclude Include="..\..\thirdparty\detours\detours.h">
      <Filter>thirdparty\detours</Filter>
    </ClInclude>
    <ClInclude Include="..\..\thirdparty\detours\detver.h">
      <Filter>thirdparty\detours</Filter>
    </ClInclude>
    <ClInclude Include="..\..\thirdparty\detours\syelog.h">
      <Filter>thirdparty\detours</Filter>
    </ClInclude>
    <ClInclude Include="Detours.h" />
    <ClInclude Include="dx256_bmp.h" />
    <ClInclude Include="..\..\thirdparty\SlashDiablo-HD\src\D2Config.h">
      <Filter>thirdparty\SlashDiablo-HD</Filter>
    </ClInclude>
    <ClInclude Include="..\..\thirdparty\SlashDiablo-HD\src\D2Constants.h">
      <Filter>thirdparty\SlashDiablo-HD</Filter>
    </ClInclude>
    <ClInclude Include="..\..\thirdparty\SlashDiablo-HD\src\D2DataTables.h">
      <Filter>thirdparty\SlashDiablo-HD</Filter>
    </ClInclude>
    <ClInclude Include="..\..\thirdparty\SlashDiablo-HD\src\D2Offset.h">
      <Filter>thirdparty\SlashDiablo-HD</Filter>
    </ClInclude>
    <ClInclude Include="..\..\thirdparty\SlashDiablo-HD\src\D2PacketDef.h">
      <Filter>thirdparty\SlashDiablo-HD</Filter>
    </ClInclude>
    <ClInclude Include="..\..\thirdparty\SlashDiablo-HD\src\D2Patch.h">
      <Filter>thirdparty\SlashDiablo-HD</Filter>
    </ClInclude>
    <ClInclude Include="..\..\thirdparty\SlashDiablo-HD\src\D2Patches.h">
      <Filter>thirdparty\SlashDiablo-HD</Filter>
    </ClInclude>
    <ClInclude Include="..\..\thirdparty\SlashDiablo-HD\src\D2Ptrs.h">
      <Filter>thirdparty\SlashDiablo-HD</Filter>
    </ClInclude>
    <ClInclude Include="..\..\thirdparty\SlashDiablo-HD\src\D2Structs.h">
      <Filter>thirdparty\SlashDiablo-HD</Filter>
    </ClInclude>
    <ClInclude Include="..\..\thirdparty\SlashDiablo-HD\src\D2Stubs.h">
      <Filter>thirdparty\SlashDiablo-HD</Filter>
    </ClInclude>
    <ClInclude Include="..\..\thirdparty\SlashDiablo-HD\src\D2Vars.h">
      <Filter>thirdparty\SlashDiablo-HD</Filter>
    </ClInclude>
    <ClInclude Include="..\..\thirdparty\SlashDiablo-HD\src\D2Version.h">
      <Filter>thirdparty\SlashDiablo-HD</Filter>
    </ClInclude>
    <ClInclude Include="..\..\thirdparty\SlashDiablo-HD\src\TemplateIncludes.h">
      <Filter>thirdparty\SlashDiablo-HD</Filter>
    </ClInclude>
    <ClInclude Include="..\..\thirdparty\SlashDiablo-HD\src\D2HD\D2HDCellContext.h">
      <Filter>thirdparty\SlashDiablo-HD\D2HD</Filter>
    </ClInclude>
    <ClInclude Include="..\..\thirdparty\SlashDiablo-HD\src\D2HD\D2HDColor.h">
      <Filter>thirdparty\SlashDiablo-HD\D2HD</Filter>
    </ClInclude>
    <ClInclude Include="..\..\thirdparty\SlashDiablo-HD\src\D2HD\D2HDConfig.h">
      <Filter>thirdparty\SlashDiablo-HD\D2HD</Filter>
    </ClInclude>
    <ClInclude Include="..\..\thirdparty\SlashDiablo-HD\src\D2HD\D2HDDraw.h">
      <Filter>thirdparty\SlashDiablo-HD\D2HD</Filter>
    </ClInclude>
    <ClInclude Include="..\..\thirdparty\SlashDiablo-HD\src\D2HD\D2HDInventory.h">
      <Filter>thirdparty\SlashDiablo-HD\D2HD</Filter>
    </ClInclude>
    <ClInclude Include="..\..\thirdparty\SlashDiablo-HD\src\D2HD\D2HDPatches.h">
      <Filter>thirdparty\SlashDiablo-HD\D2HD</Filter>
    </ClInclude>
    <ClInclude Include="..\..\thirdparty\SlashDiablo-HD\src\D2HD\D2HDResolution.h">
      <Filter>thirdparty\SlashDiablo-HD\D2HD</Filter>
    </ClInclude>
    <ClInclude Include="..\..\thirdparty\SlashDiablo-HD\src\D2Patch\D2AnyPatch.h">
      <Filter>thirdparty\SlashDiablo-HD\D2Patch</Filter>
    </ClInclude>
    <ClInclude Include="..\..\thirdparty\SlashDiablo-HD\src\D2Patch\D2BasePatch.h">
      <Filter>thirdparty\SlashDiablo-HD\D2Patch</Filter>
    </ClInclude>
    <ClInclude Include="..\..\thirdparty\SlashDiablo-HD\src\D2Patch\D2InterceptorPatch.h">
      <Filter>thirdparty\SlashDiablo-HD\D2Patch</Filter>
    </ClInclude>
    <ClInclude Include="..\..\thirdparty\SlashDiablo-HD\src\SDHD.h">
      <Filter>thirdparty\SlashDiablo-HD</Filter>
    </ClInclude>
    <ClInclude Include="D2DXConfigurator.h" />
    <ClInclude Include="dllmain.h" />
    <ClInclude Include="BuiltinResMod.h" />
    <ClInclude Include="Metrics.h" />
    <ClInclude Include="ITextureCache.h" />
    <ClInclude Include="IRenderContext.h" />
    <ClInclude Include="IGameHelper.h" />
    <ClInclude Include="ID2DXContext.h" />
    <ClInclude Include="IGlide3x.h" />
    <ClInclude Include="D2DXContextFactory.h" />
    <ClInclude Include="IBuiltinResMod.h" />
  </ItemGroup>
  <ItemGroup>
    <ResourceCompile Include="d2dx.rc" />
  </ItemGroup>
  <ItemGroup>
    <Filter Include="thirdparty">
      <UniqueIdentifier>{e20ee881-3fee-44a0-a9bb-5a1470f78f87}</UniqueIdentifier>
    </Filter>
    <Filter Include="thirdparty\glide3">
      <UniqueIdentifier>{0a7e3803-d4b3-4b24-91b0-cf20ed4e0a2c}</UniqueIdentifier>
    </Filter>
    <Filter Include="shaders">
      <UniqueIdentifier>{ea41e1d5-aaf5-453a-893d-fba10779dbf8}</UniqueIdentifier>
    </Filter>
    <Filter Include="thirdparty\fnv">
      <UniqueIdentifier>{4d5ef0d8-cbd3-4202-95c7-7c0fea1882af}</UniqueIdentifier>
    </Filter>
    <Filter Include="thirdparty\detours">
      <UniqueIdentifier>{8240f153-200d-47ad-b776-7f45ed2a1d3b}</UniqueIdentifier>
    </Filter>
    <Filter Include="thirdparty\SlashDiablo-HD">
      <UniqueIdentifier>{b7b4542a-addf-4ce4-a695-83a1c1cfc2ce}</UniqueIdentifier>
    </Filter>
    <Filter Include="thirdparty\SlashDiablo-HD\D2HD">
      <UniqueIdentifier>{5d476829-331e-4a7d-a45e-79847350db9e}</UniqueIdentifier>
    </Filter>
    <Filter Include="thirdparty\SlashDiablo-HD\D2Patch">
      <UniqueIdentifier>{36595dfa-ea35-4a64-bb2f-0ab0ca7b37e1}</UniqueIdentifier>
    </Filter>
  </ItemGroup>
  <ItemGroup>
    <None Include="Constants.hlsli">
      <Filter>shaders</Filter>
    </None>
    <None Include="..\..\thirdparty\SlashDiablo-HD\Resources\SlashDiabloHD.mpq">
      <Filter>thirdparty\SlashDiablo-HD</Filter>
    </None>
  </ItemGroup>
  <ItemGroup>
    <MASM Include="..\..\thirdparty\SlashDiablo-HD\src\D2HD\D2HDConfigInterception.S">
      <Filter>thirdparty\SlashDiablo-HD\D2HD</Filter>
    </MASM>
    <MASM Include="..\..\thirdparty\SlashDiablo-HD\src\D2HD\D2HDDrawInterception.S">
      <Filter>thirdparty\SlashDiablo-HD\D2HD</Filter>
    </MASM>
    <MASM Include="..\..\thirdparty\SlashDiablo-HD\src\D2HD\D2HDPatchesInterception.S">
      <Filter>thirdparty\SlashDiablo-HD\D2HD</Filter>
    </MASM>
    <MASM Include="..\..\thirdparty\SlashDiablo-HD\src\D2StubsAsm.S">
      <Filter>thirdparty\SlashDiablo-HD</Filter>
    </MASM>
  </ItemGroup>
</Project>