<?xml version="1.0" encoding="utf-8"?>
<Project ToolsVersion="4.0" xmlns="http://schemas.microsoft.com/developer/msbuild/2003">
  <ItemGroup>
    <Filter Include="d2dx">
      <UniqueIdentifier>{0657af1f-16df-48e5-8bb7-323129c7f9a9}</UniqueIdentifier>
    </Filter>
  </ItemGroup>
  <ItemGroup>
    <ClCompile Include="TestTextureCache.cpp" />
    <ClCompile Include="pch.cpp" />
    <ClCompile Include="TestSimd.cpp" />
    <ClCompile Include="..\d2dx\SimdSse2.cpp">
      <Filter>d2dx</Filter>
    </ClCompile>
    <ClCompile Include="..\d2dx\TextureCache.cpp">
      <Filter>d2dx</Filter>
    </ClCompile>
    <ClCompile Include="..\d2dx\TextureCachePolicyBitPmru.cpp">
      <Filter>d2dx</Filter>
    </ClCompile>
    <ClCompile Include="..\d2dx\Utils.cpp">
      <Filter>d2dx</Filter>
    </ClCompile>
    <ClCompile Include="..\..\thirdparty\fnv\hash_32a.c">
      <Filter>d2dx</Filter>
    </ClCompile>
    <ClCompile Include="TestBatch.cpp" />
    <ClCompile Include="..\d2dx\Metrics.cpp">
      <Filter>d2dx</Filter>
    </ClCompile>
    <ClCompile Include="TestMetrics.cpp" />
  </ItemGroup>
  <ItemGroup>
    <ClInclude Include="..\d2dx\Batch.h">
      <Filter>d2dx</Filter>
    </ClInclude>
    <ClInclude Include="..\d2dx\Buffer.h">
      <Filter>d2dx</Filter>
    </ClInclude>
    <ClInclude Include="..\d2dx\D2DXContext.h">
      <Filter>d2dx</Filter>
    </ClInclude>
    <ClInclude Include="..\d2dx\dx256_bmp.h">
      <Filter>d2dx</Filter>
    </ClInclude>
    <ClInclude Include="..\d2dx\TextureCache.h">
      <Filter>d2dx</Filter>
    </ClInclude>
    <ClInclude Include="..\d2dx\TextureCachePolicy.h">
      <Filter>d2dx</Filter>
    </ClInclude>
    <ClInclude Include="..\d2dx\TextureCachePolicyBitPmru.h">
      <Filter>d2dx</Filter>
    </ClInclude>
    <ClInclude Include="..\d2dx\Types.h">
      <Filter>d2dx</Filter>
    </ClInclude>
    <ClInclude Include="..\d2dx\Utils.h">
      <Filter>d2dx</Filter>
    </ClInclude>
    <ClInclude Include="..\d2dx\Vertex.h">
      <Filter>d2dx</Filter>
    </ClInclude>
    <ClInclude Include="..\d2dx\Detours.h">
      <Filter>d2dx</Filter>
    </ClInclude>
    <ClInclude Include="..\d2dx\Metrics.h">
      <Filter>d2dx</Filter>
    </ClInclude>
    <ClInclude Include="..\d2dx\RenderContext.h">
      <Filter>d2dx</Filter>
    </ClInclude>
    <ClInclude Include="..\d2dx\IGameHelper.h">
      <Filter>d2dx</Filter>
    </ClInclude>
  </ItemGroup>
</Project>