
Microsoft Visual Studio Solution File, Format Version 12.00
# Visual Studio Version 16
VisualStudioVersion = 16.0.30517.126
MinimumVisualStudioVersion = 10.0.40219.1
Project("{8BC9CEB8-8B4A-11D0-8D11-00A0C91BC942}") = "d2dx", "d2dx\d2dx.vcxproj", "{93A28F27-8D56-470C-B699-15B0CF2C926A}"
EndProject
Project("{8BC9CEB8-8B4A-11D0-8D11-00A0C91BC942}") = "d2dxtests", "d2dxtests\d2dxtests.vcxproj", "{64214704-FE00-4DB6-BEFA-1E622F7262A1}"
EndProject
Project("{8BC9CEB8-8B4A-11D0-8D11-00A0C91BC942}") = "SlashDiabloHD", "..\thirdparty\SlashDiablo-HD\vc\SlashDiabloHD.vcxproj", "{E1A40089-D269-4C75-8815-FFC971085E7C}"
EndProject
Global
	GlobalSection(SolutionConfigurationPlatforms) = preSolution
		Debug|x86 = Debug|x86
		Release|x86 = Release|x86
	EndGlobalSection
	GlobalSection(ProjectConfigurationPlatforms) = postSolution
		{93A28F27-8D56-470C-B699-15B0CF2C926A}.Debug|x86.ActiveCfg = Debug|Win32
		{93A28F27-8D56-470C-B699-15B0CF2C926A}.Debug|x86.Build.0 = Debug|Win32
		{93A28F27-8D56-470C-B699-15B0CF2C926A}.Release|x86.ActiveCfg = Release|Win32
		{93A28F27-8D56-470C-B699-15B0CF2C926A}.Release|x86.Build.0 = Release|Win32
		{64214704-FE00-4DB6-BEFA-1E622F7262A1}.Debug|x86.ActiveCfg = Debug|Win32
		{64214704-FE00-4DB6-BEFA-1E622F7262A1}.Debug|x86.Build.0 = Debug|Win32
		{64214704-FE00-4DB6-BEFA-1E622F7262A1}.Release|x86.ActiveCfg = Release|Win32
		{64214704-FE00-4DB6-BEFA-1E622F7262A1}.Release|x86.Build.0 = Release|Win32
		{E1A40089-D269-4C75-8815-FFC971085E7C}.Debug|x86.ActiveCfg = Debug|Win32
		{E1A40089-D269-4C75-8815-FFC971085E7C}.Debug|x86.Build.0 = Debug|Win32
		{E1A40089-D269-4C75-8815-FFC971085E7C}.Release|x86.ActiveCfg = Release|Win32
		{E1A40089-D269-4C75-8815-FFC971085E7C}.Release|x86.Build.0 = Release|Win32
	EndGlobalSection
	GlobalSection(SolutionProperties) = preSolution
		HideSolutionNode = FALSE
	EndGlobalSection
	GlobalSection(ExtensibilityGlobals) = postSolution
		SolutionGuid = {680244CF-729A-4310-A2CA-D9ABD4923671}
	EndGlobalSection
EndGlobal
